// !$*UTF8*$!
{
	archiveVersion = 1;
	classes = {
	};
	objectVersion = 50;
	objects = {

/* Begin PBXBuildFile section */
		AB17F0922465B1E300E6A62D /* AppDelegate.m in Sources */ = {isa = PBXBuildFile; fileRef = AB17F0912465B1E300E6A62D /* AppDelegate.m */; };
		AB17F0952465B1E300E6A62D /* SceneDelegate.m in Sources */ = {isa = PBXBuildFile; fileRef = AB17F0942465B1E300E6A62D /* SceneDelegate.m */; };
		AB17F09B2465B1E300E6A62D /* Main.storyboard in Resources */ = {isa = PBXBuildFile; fileRef = AB17F0992465B1E300E6A62D /* Main.storyboard */; };
		AB17F09D2465B1E400E6A62D /* Assets.xcassets in Resources */ = {isa = PBXBuildFile; fileRef = AB17F09C2465B1E400E6A62D /* Assets.xcassets */; };
		AB17F0A02465B1E400E6A62D /* LaunchScreen.storyboard in Resources */ = {isa = PBXBuildFile; fileRef = AB17F09E2465B1E400E6A62D /* LaunchScreen.storyboard */; };
		AB17F0A32465B1E400E6A62D /* main.m in Sources */ = {isa = PBXBuildFile; fileRef = AB17F0A22465B1E400E6A62D /* main.m */; };
		AB17F0B12465B35D00E6A62D /* JMMovieResponse.m in Sources */ = {isa = PBXBuildFile; fileRef = AB17F0B02465B35D00E6A62D /* JMMovieResponse.m */; };
		AB17F0B42465BC6300E6A62D /* JMMovieModelController.m in Sources */ = {isa = PBXBuildFile; fileRef = AB17F0B32465BC6300E6A62D /* JMMovieModelController.m */; };
		AB17F0B72465C90200E6A62D /* MovieTableViewController.swift in Sources */ = {isa = PBXBuildFile; fileRef = AB17F0B62465C90200E6A62D /* MovieTableViewController.swift */; };
		AB17F0BA2465CA6D00E6A62D /* MovieCustomTableViewCell.swift in Sources */ = {isa = PBXBuildFile; fileRef = AB17F0B92465CA6D00E6A62D /* MovieCustomTableViewCell.swift */; };
/* End PBXBuildFile section */

/* Begin PBXFileReference section */
		AB17F08D2465B1E300E6A62D /* MovieObjC.app */ = {isa = PBXFileReference; explicitFileType = wrapper.application; includeInIndex = 0; path = MovieObjC.app; sourceTree = BUILT_PRODUCTS_DIR; };
		AB17F0902465B1E300E6A62D /* AppDelegate.h */ = {isa = PBXFileReference; lastKnownFileType = sourcecode.c.h; path = AppDelegate.h; sourceTree = "<group>"; };
		AB17F0912465B1E300E6A62D /* AppDelegate.m */ = {isa = PBXFileReference; lastKnownFileType = sourcecode.c.objc; path = AppDelegate.m; sourceTree = "<group>"; };
		AB17F0932465B1E300E6A62D /* SceneDelegate.h */ = {isa = PBXFileReference; lastKnownFileType = sourcecode.c.h; path = SceneDelegate.h; sourceTree = "<group>"; };
		AB17F0942465B1E300E6A62D /* SceneDelegate.m */ = {isa = PBXFileReference; lastKnownFileType = sourcecode.c.objc; path = SceneDelegate.m; sourceTree = "<group>"; };
		AB17F09A2465B1E300E6A62D /* Base */ = {isa = PBXFileReference; lastKnownFileType = file.storyboard; name = Base; path = Base.lproj/Main.storyboard; sourceTree = "<group>"; };
		AB17F09C2465B1E400E6A62D /* Assets.xcassets */ = {isa = PBXFileReference; lastKnownFileType = folder.assetcatalog; path = Assets.xcassets; sourceTree = "<group>"; };
		AB17F09F2465B1E400E6A62D /* Base */ = {isa = PBXFileReference; lastKnownFileType = file.storyboard; name = Base; path = Base.lproj/LaunchScreen.storyboard; sourceTree = "<group>"; };
		AB17F0A12465B1E400E6A62D /* Info.plist */ = {isa = PBXFileReference; lastKnownFileType = text.plist.xml; path = Info.plist; sourceTree = "<group>"; };
		AB17F0A22465B1E400E6A62D /* main.m */ = {isa = PBXFileReference; lastKnownFileType = sourcecode.c.objc; path = main.m; sourceTree = "<group>"; };
		AB17F0AF2465B35D00E6A62D /* JMMovieResponse.h */ = {isa = PBXFileReference; lastKnownFileType = sourcecode.c.h; path = JMMovieResponse.h; sourceTree = "<group>"; };
		AB17F0B02465B35D00E6A62D /* JMMovieResponse.m */ = {isa = PBXFileReference; lastKnownFileType = sourcecode.c.objc; path = JMMovieResponse.m; sourceTree = "<group>"; };
		AB17F0B22465BC6300E6A62D /* JMMovieModelController.h */ = {isa = PBXFileReference; lastKnownFileType = sourcecode.c.h; path = JMMovieModelController.h; sourceTree = "<group>"; };
		AB17F0B32465BC6300E6A62D /* JMMovieModelController.m */ = {isa = PBXFileReference; lastKnownFileType = sourcecode.c.objc; path = JMMovieModelController.m; sourceTree = "<group>"; };
		AB17F0B52465C90200E6A62D /* MovieObjC-Bridging-Header.h */ = {isa = PBXFileReference; lastKnownFileType = sourcecode.c.h; path = "MovieObjC-Bridging-Header.h"; sourceTree = "<group>"; };
		AB17F0B62465C90200E6A62D /* MovieTableViewController.swift */ = {isa = PBXFileReference; lastKnownFileType = sourcecode.swift; path = MovieTableViewController.swift; sourceTree = "<group>"; };
		AB17F0B92465CA6D00E6A62D /* MovieCustomTableViewCell.swift */ = {isa = PBXFileReference; lastKnownFileType = sourcecode.swift; path = MovieCustomTableViewCell.swift; sourceTree = "<group>"; };
/* End PBXFileReference section */

/* Begin PBXFrameworksBuildPhase section */
		AB17F08A2465B1E300E6A62D /* Frameworks */ = {
			isa = PBXFrameworksBuildPhase;
			buildActionMask = 2147483647;
			files = (
			);
			runOnlyForDeploymentPostprocessing = 0;
		};
/* End PBXFrameworksBuildPhase section */

/* Begin PBXGroup section */
		AB17F0842465B1E300E6A62D = {
			isa = PBXGroup;
			children = (
				AB17F08F2465B1E300E6A62D /* MovieObjC */,
				AB17F08E2465B1E300E6A62D /* Products */,
			);
			sourceTree = "<group>";
		};
		AB17F08E2465B1E300E6A62D /* Products */ = {
			isa = PBXGroup;
			children = (
				AB17F08D2465B1E300E6A62D /* MovieObjC.app */,
			);
			name = Products;
			sourceTree = "<group>";
		};
		AB17F08F2465B1E300E6A62D /* MovieObjC */ = {
			isa = PBXGroup;
			children = (
				AB17F0AD2465B22000E6A62D /* Model */,
				AB17F0AC2465B21B00E6A62D /* View */,
				AB17F0A92465B1EC00E6A62D /* Controllers */,
				AB17F0AE2465B25000E6A62D /* Res */,
			);
			path = MovieObjC;
			sourceTree = "<group>";
		};
		AB17F0A92465B1EC00E6A62D /* Controllers */ = {
			isa = PBXGroup;
			children = (
				AB17F0AB2465B20B00E6A62D /* ViewControllers */,
				AB17F0AA2465B1FC00E6A62D /* ModelControllers */,
			);
			path = Controllers;
			sourceTree = "<group>";
		};
		AB17F0AA2465B1FC00E6A62D /* ModelControllers */ = {
			isa = PBXGroup;
			children = (
				AB17F0B22465BC6300E6A62D /* JMMovieModelController.h */,
				AB17F0B32465BC6300E6A62D /* JMMovieModelController.m */,
			);
			path = ModelControllers;
			sourceTree = "<group>";
		};
		AB17F0AB2465B20B00E6A62D /* ViewControllers */ = {
			isa = PBXGroup;
			children = (
				AB17F0B62465C90200E6A62D /* MovieTableViewController.swift */,
				AB17F0B52465C90200E6A62D /* MovieObjC-Bridging-Header.h */,
			);
			path = ViewControllers;
			sourceTree = "<group>";
		};
		AB17F0AC2465B21B00E6A62D /* View */ = {
			isa = PBXGroup;
			children = (
				AB17F0B82465CA3C00E6A62D /* CustomView */,
				AB17F0992465B1E300E6A62D /* Main.storyboard */,
			);
			path = View;
			sourceTree = "<group>";
		};
		AB17F0AD2465B22000E6A62D /* Model */ = {
			isa = PBXGroup;
			children = (
				AB17F0AF2465B35D00E6A62D /* JMMovieResponse.h */,
				AB17F0B02465B35D00E6A62D /* JMMovieResponse.m */,
			);
			path = Model;
			sourceTree = "<group>";
		};
		AB17F0AE2465B25000E6A62D /* Res */ = {
			isa = PBXGroup;
			children = (
				AB17F0902465B1E300E6A62D /* AppDelegate.h */,
				AB17F0912465B1E300E6A62D /* AppDelegate.m */,
				AB17F0932465B1E300E6A62D /* SceneDelegate.h */,
				AB17F0942465B1E300E6A62D /* SceneDelegate.m */,
				AB17F09C2465B1E400E6A62D /* Assets.xcassets */,
				AB17F09E2465B1E400E6A62D /* LaunchScreen.storyboard */,
				AB17F0A12465B1E400E6A62D /* Info.plist */,
				AB17F0A22465B1E400E6A62D /* main.m */,
			);
			path = Res;
			sourceTree = "<group>";
		};
		AB17F0B82465CA3C00E6A62D /* CustomView */ = {
			isa = PBXGroup;
			children = (
				AB17F0B92465CA6D00E6A62D /* MovieCustomTableViewCell.swift */,
			);
			path = CustomView;
			sourceTree = "<group>";
		};
/* End PBXGroup section */

/* Begin PBXNativeTarget section */
		AB17F08C2465B1E300E6A62D /* MovieObjC */ = {
			isa = PBXNativeTarget;
			buildConfigurationList = AB17F0A62465B1E400E6A62D /* Build configuration list for PBXNativeTarget "MovieObjC" */;
			buildPhases = (
				AB17F0892465B1E300E6A62D /* Sources */,
				AB17F08A2465B1E300E6A62D /* Frameworks */,
				AB17F08B2465B1E300E6A62D /* Resources */,
			);
			buildRules = (
			);
			dependencies = (
			);
			name = MovieObjC;
			productName = MovieObjC;
			productReference = AB17F08D2465B1E300E6A62D /* MovieObjC.app */;
			productType = "com.apple.product-type.application";
		};
/* End PBXNativeTarget section */

/* Begin PBXProject section */
		AB17F0852465B1E300E6A62D /* Project object */ = {
			isa = PBXProject;
			attributes = {
				CLASSPREFIX = JM;
				LastUpgradeCheck = 1140;
				ORGANIZATIONNAME = "Jose Martinez";
				TargetAttributes = {
					AB17F08C2465B1E300E6A62D = {
						CreatedOnToolsVersion = 11.4.1;
						LastSwiftMigration = 1140;
					};
				};
			};
			buildConfigurationList = AB17F0882465B1E300E6A62D /* Build configuration list for PBXProject "MovieObjC" */;
			compatibilityVersion = "Xcode 9.3";
			developmentRegion = en;
			hasScannedForEncodings = 0;
			knownRegions = (
				en,
				Base,
			);
			mainGroup = AB17F0842465B1E300E6A62D;
			productRefGroup = AB17F08E2465B1E300E6A62D /* Products */;
			projectDirPath = "";
			projectRoot = "";
			targets = (
				AB17F08C2465B1E300E6A62D /* MovieObjC */,
			);
		};
/* End PBXProject section */

/* Begin PBXResourcesBuildPhase section */
		AB17F08B2465B1E300E6A62D /* Resources */ = {
			isa = PBXResourcesBuildPhase;
			buildActionMask = 2147483647;
			files = (
				AB17F0A02465B1E400E6A62D /* LaunchScreen.storyboard in Resources */,
				AB17F09D2465B1E400E6A62D /* Assets.xcassets in Resources */,
				AB17F09B2465B1E300E6A62D /* Main.storyboard in Resources */,
			);
			runOnlyForDeploymentPostprocessing = 0;
		};
/* End PBXResourcesBuildPhase section */

/* Begin PBXSourcesBuildPhase section */
		AB17F0892465B1E300E6A62D /* Sources */ = {
			isa = PBXSourcesBuildPhase;
			buildActionMask = 2147483647;
			files = (
				AB17F0922465B1E300E6A62D /* AppDelegate.m in Sources */,
				AB17F0A32465B1E400E6A62D /* main.m in Sources */,
				AB17F0B72465C90200E6A62D /* MovieTableViewController.swift in Sources */,
				AB17F0BA2465CA6D00E6A62D /* MovieCustomTableViewCell.swift in Sources */,
				AB17F0B12465B35D00E6A62D /* JMMovieResponse.m in Sources */,
				AB17F0B42465BC6300E6A62D /* JMMovieModelController.m in Sources */,
				AB17F0952465B1E300E6A62D /* SceneDelegate.m in Sources */,
			);
			runOnlyForDeploymentPostprocessing = 0;
		};
/* End PBXSourcesBuildPhase section */

/* Begin PBXVariantGroup section */
		AB17F0992465B1E300E6A62D /* Main.storyboard */ = {
			isa = PBXVariantGroup;
			children = (
				AB17F09A2465B1E300E6A62D /* Base */,
			);
			name = Main.storyboard;
			sourceTree = "<group>";
		};
		AB17F09E2465B1E400E6A62D /* LaunchScreen.storyboard */ = {
			isa = PBXVariantGroup;
			children = (
				AB17F09F2465B1E400E6A62D /* Base */,
			);
			name = LaunchScreen.storyboard;
			sourceTree = "<group>";
		};
/* End PBXVariantGroup section */

/* Begin XCBuildConfiguration section */
		AB17F0A42465B1E400E6A62D /* Debug */ = {
			isa = XCBuildConfiguration;
			buildSettings = {
				ALWAYS_SEARCH_USER_PATHS = NO;
				CLANG_ANALYZER_NONNULL = YES;
				CLANG_ANALYZER_NUMBER_OBJECT_CONVERSION = YES_AGGRESSIVE;
				CLANG_CXX_LANGUAGE_STANDARD = "gnu++14";
				CLANG_CXX_LIBRARY = "libc++";
				CLANG_ENABLE_MODULES = YES;
				CLANG_ENABLE_OBJC_ARC = YES;
				CLANG_ENABLE_OBJC_WEAK = YES;
				CLANG_WARN_BLOCK_CAPTURE_AUTORELEASING = YES;
				CLANG_WARN_BOOL_CONVERSION = YES;
				CLANG_WARN_COMMA = YES;
				CLANG_WARN_CONSTANT_CONVERSION = YES;
				CLANG_WARN_DEPRECATED_OBJC_IMPLEMENTATIONS = YES;
				CLANG_WARN_DIRECT_OBJC_ISA_USAGE = YES_ERROR;
				CLANG_WARN_DOCUMENTATION_COMMENTS = YES;
				CLANG_WARN_EMPTY_BODY = YES;
				CLANG_WARN_ENUM_CONVERSION = YES;
				CLANG_WARN_INFINITE_RECURSION = YES;
				CLANG_WARN_INT_CONVERSION = YES;
				CLANG_WARN_NON_LITERAL_NULL_CONVERSION = YES;
				CLANG_WARN_OBJC_IMPLICIT_RETAIN_SELF = YES;
				CLANG_WARN_OBJC_LITERAL_CONVERSION = YES;
				CLANG_WARN_OBJC_ROOT_CLASS = YES_ERROR;
				CLANG_WARN_RANGE_LOOP_ANALYSIS = YES;
				CLANG_WARN_STRICT_PROTOTYPES = YES;
				CLANG_WARN_SUSPICIOUS_MOVE = YES;
				CLANG_WARN_UNGUARDED_AVAILABILITY = YES_AGGRESSIVE;
				CLANG_WARN_UNREACHABLE_CODE = YES;
				CLANG_WARN__DUPLICATE_METHOD_MATCH = YES;
				COPY_PHASE_STRIP = NO;
				DEBUG_INFORMATION_FORMAT = dwarf;
				ENABLE_STRICT_OBJC_MSGSEND = YES;
				ENABLE_TESTABILITY = YES;
				GCC_C_LANGUAGE_STANDARD = gnu11;
				GCC_DYNAMIC_NO_PIC = NO;
				GCC_NO_COMMON_BLOCKS = YES;
				GCC_OPTIMIZATION_LEVEL = 0;
				GCC_PREPROCESSOR_DEFINITIONS = (
					"DEBUG=1",
					"$(inherited)",
				);
				GCC_WARN_64_TO_32_BIT_CONVERSION = YES;
				GCC_WARN_ABOUT_RETURN_TYPE = YES_ERROR;
				GCC_WARN_UNDECLARED_SELECTOR = YES;
				GCC_WARN_UNINITIALIZED_AUTOS = YES_AGGRESSIVE;
				GCC_WARN_UNUSED_FUNCTION = YES;
				GCC_WARN_UNUSED_VARIABLE = YES;
				IPHONEOS_DEPLOYMENT_TARGET = 13.4;
				MTL_ENABLE_DEBUG_INFO = INCLUDE_SOURCE;
				MTL_FAST_MATH = YES;
				ONLY_ACTIVE_ARCH = YES;
				SDKROOT = iphoneos;
			};
			name = Debug;
		};
		AB17F0A52465B1E400E6A62D /* Release */ = {
			isa = XCBuildConfiguration;
			buildSettings = {
				ALWAYS_SEARCH_USER_PATHS = NO;
				CLANG_ANALYZER_NONNULL = YES;
				CLANG_ANALYZER_NUMBER_OBJECT_CONVERSION = YES_AGGRESSIVE;
				CLANG_CXX_LANGUAGE_STANDARD = "gnu++14";
				CLANG_CXX_LIBRARY = "libc++";
				CLANG_ENABLE_MODULES = YES;
				CLANG_ENABLE_OBJC_ARC = YES;
				CLANG_ENABLE_OBJC_WEAK = YES;
				CLANG_WARN_BLOCK_CAPTURE_AUTORELEASING = YES;
				CLANG_WARN_BOOL_CONVERSION = YES;
				CLANG_WARN_COMMA = YES;
				CLANG_WARN_CONSTANT_CONVERSION = YES;
				CLANG_WARN_DEPRECATED_OBJC_IMPLEMENTATIONS = YES;
				CLANG_WARN_DIRECT_OBJC_ISA_USAGE = YES_ERROR;
				CLANG_WARN_DOCUMENTATION_COMMENTS = YES;
				CLANG_WARN_EMPTY_BODY = YES;
				CLANG_WARN_ENUM_CONVERSION = YES;
				CLANG_WARN_INFINITE_RECURSION = YES;
				CLANG_WARN_INT_CONVERSION = YES;
				CLANG_WARN_NON_LITERAL_NULL_CONVERSION = YES;
				CLANG_WARN_OBJC_IMPLICIT_RETAIN_SELF = YES;
				CLANG_WARN_OBJC_LITERAL_CONVERSION = YES;
				CLANG_WARN_OBJC_ROOT_CLASS = YES_ERROR;
				CLANG_WARN_RANGE_LOOP_ANALYSIS = YES;
				CLANG_WARN_STRICT_PROTOTYPES = YES;
				CLANG_WARN_SUSPICIOUS_MOVE = YES;
				CLANG_WARN_UNGUARDED_AVAILABILITY = YES_AGGRESSIVE;
				CLANG_WARN_UNREACHABLE_CODE = YES;
				CLANG_WARN__DUPLICATE_METHOD_MATCH = YES;
				COPY_PHASE_STRIP = NO;
				DEBUG_INFORMATION_FORMAT = "dwarf-with-dsym";
				ENABLE_NS_ASSERTIONS = NO;
				ENABLE_STRICT_OBJC_MSGSEND = YES;
				GCC_C_LANGUAGE_STANDARD = gnu11;
				GCC_NO_COMMON_BLOCKS = YES;
				GCC_WARN_64_TO_32_BIT_CONVERSION = YES;
				GCC_WARN_ABOUT_RETURN_TYPE = YES_ERROR;
				GCC_WARN_UNDECLARED_SELECTOR = YES;
				GCC_WARN_UNINITIALIZED_AUTOS = YES_AGGRESSIVE;
				GCC_WARN_UNUSED_FUNCTION = YES;
				GCC_WARN_UNUSED_VARIABLE = YES;
				IPHONEOS_DEPLOYMENT_TARGET = 13.4;
				MTL_ENABLE_DEBUG_INFO = NO;
				MTL_FAST_MATH = YES;
				SDKROOT = iphoneos;
				SWIFT_COMPILATION_MODE = wholemodule;
				VALIDATE_PRODUCT = YES;
			};
			name = Release;
		};
		AB17F0A72465B1E400E6A62D /* Debug */ = {
			isa = XCBuildConfiguration;
			buildSettings = {
				ASSETCATALOG_COMPILER_APPICON_NAME = AppIcon;
				CLANG_ENABLE_MODULES = YES;
				CODE_SIGN_STYLE = Automatic;
				DEVELOPMENT_TEAM = 8R94WS9HFC;
				INFOPLIST_FILE = MovieObjC/Res/Info.plist;
				LD_RUNPATH_SEARCH_PATHS = (
					"$(inherited)",
					"@executable_path/Frameworks",
				);
				PRODUCT_BUNDLE_IDENTIFIER = "-Plaza-DePapel.MovieObjC";
				PRODUCT_NAME = "$(TARGET_NAME)";
				SWIFT_OBJC_BRIDGING_HEADER = "MovieObjC/Controllers/ViewControllers/MovieObjC-Bridging-Header.h";
				SWIFT_OPTIMIZATION_LEVEL = "-Onone";
				SWIFT_VERSION = 5.0;
				TARGETED_DEVICE_FAMILY = "1,2";
			};
			name = Debug;
		};
		AB17F0A82465B1E400E6A62D /* Release */ = {
			isa = XCBuildConfiguration;
			buildSettings = {
				ASSETCATALOG_COMPILER_APPICON_NAME = AppIcon;
				CLANG_ENABLE_MODULES = YES;
				CODE_SIGN_STYLE = Automatic;
				DEVELOPMENT_TEAM = 8R94WS9HFC;
				INFOPLIST_FILE = MovieObjC/Res/Info.plist;
				LD_RUNPATH_SEARCH_PATHS = (
					"$(inherited)",
					"@executable_path/Frameworks",
				);
				PRODUCT_BUNDLE_IDENTIFIER = "-Plaza-DePapel.MovieObjC";
				PRODUCT_NAME = "$(TARGET_NAME)";
				SWIFT_OBJC_BRIDGING_HEADER = "MovieObjC/Controllers/ViewControllers/MovieObjC-Bridging-Header.h";
				SWIFT_VERSION = 5.0;
				TARGETED_DEVICE_FAMILY = "1,2";
			};
			name = Release;
		};
/* End XCBuildConfiguration section */

/* Begin XCConfigurationList section */
		AB17F0882465B1E300E6A62D /* Build configuration list for PBXProject "MovieObjC" */ = {
			isa = XCConfigurationList;
			buildConfigurations = (
				AB17F0A42465B1E400E6A62D /* Debug */,
				AB17F0A52465B1E400E6A62D /* Release */,
			);
			defaultConfigurationIsVisible = 0;
			defaultConfigurationName = Release;
		};
		AB17F0A62465B1E400E6A62D /* Build configuration list for PBXNativeTarget "MovieObjC" */ = {
			isa = XCConfigurationList;
			buildConfigurations = (
				AB17F0A72465B1E400E6A62D /* Debug */,
				AB17F0A82465B1E400E6A62D /* Release */,
			);
			defaultConfigurationIsVisible = 0;
			defaultConfigurationName = Release;
		};
/* End XCConfigurationList section */
	};
	rootObject = AB17F0852465B1E300E6A62D /* Project object */;
}
